{
  "name": "helpmate",
  "lockfileVersion": 3,
  "requires": true,
  "packages": {
    "": {
      "dependencies": {
        "react-geolocated": "^4.4.0"
      }
    },
    "node_modules/react": {
      "version": "19.2.4",
      "resolved": "https://registry.npmjs.org/react/-/react-19.2.4.tgz",
      "integrity": "sha512-9nfp2hYpCwOjAN+8TZFGhtWEwgvWHXqESH8qT89AT/lWklpLON22Lc8pEtnpsZz7VmawabSU0gCjnj8aC0euHQ==",
      "license": "MIT",
      "peer": true,
      "engines": {
        "node": ">=0.10.0"
      }
    },
    "node_modules/react-geolocated": {
      "version": "4.4.0",
      "resolved": "https://registry.npmjs.org/react-geolocated/-/react-geolocated-4.4.0.tgz",
      "integrity": "sha512-FkNa2O6AhFYblK3tXEnmhqiubvjuMuiiDd2Semfw16eSNwX5OqB91+0HP4iyHn+ciGoFuK4yVGJ9fHQUlhz/8g==",
      "license": "MIT",
      "peerDependencies": {
        "react": ">= 16.8.0 < 20.0.0"
      }
    }
  }
}
